
Microsoft Visual Studio Solution File, Format Version 12.00
Project("{FAE04EC0-301F-11D3-BF4B-00C04F79EFBC}") = "OpenMc2D", "OpenMc2D\OpenMc2D.csproj", "{D1FD76A3-6F8D-4EA3-BBDC-605829467052}"
EndProject
Project("{FAE04EC0-301F-11D3-BF4B-00C04F79EFBC}") = "WatsonWebsocket", "WatsonWebsocketPlus\src\WatsonWebsocket\WatsonWebsocket.csproj", "{7319459B-BE34-4C4F-85E3-7372E5F6A97C}"
EndProject
Global
	GlobalSection(SolutionConfigurationPlatforms) = preSolution
		Debug|Any CPU = Debug|Any CPU
		Release|Any CPU = Release|Any CPU
	EndGlobalSection
	GlobalSection(ProjectConfigurationPlatforms) = postSolution
		{D1FD76A3-6F8D-4EA3-BBDC-605829467052}.Debug|Any CPU.ActiveCfg = Debug|Any CPU
		{D1FD76A3-6F8D-4EA3-BBDC-605829467052}.Debug|Any CPU.Build.0 = Debug|Any CPU
		{D1FD76A3-6F8D-4EA3-BBDC-605829467052}.Release|Any CPU.ActiveCfg = Release|Any CPU
		{D1FD76A3-6F8D-4EA3-BBDC-605829467052}.Release|Any CPU.Build.0 = Release|Any CPU
		{7319459B-BE34-4C4F-85E3-7372E5F6A97C}.Debug|Any CPU.ActiveCfg = Debug|Any CPU
		{7319459B-BE34-4C4F-85E3-7372E5F6A97C}.Debug|Any CPU.Build.0 = Debug|Any CPU
		{7319459B-BE34-4C4F-85E3-7372E5F6A97C}.Release|Any CPU.ActiveCfg = Release|Any CPU
		{7319459B-BE34-4C4F-85E3-7372E5F6A97C}.Release|Any CPU.Build.0 = Release|Any CPU
	EndGlobalSection
EndGlobal
